
Microsoft Visual Studio Solution File, Format Version 12.00
# Visual Studio Version 16
VisualStudioVersion = 16.0.30320.27
MinimumVisualStudioVersion = 10.0.40219.1
Project("{FAE04EC0-301F-11D3-BF4B-00C04F79EFBC}") = "Tax", "Tax\Tax.csproj", "{56B9BB97-9E41-4366-A019-DCF4C226172F}"
EndProject
Project("{FAE04EC0-301F-11D3-BF4B-00C04F79EFBC}") = "UTCalcTax", "UTCalcTax\UTCalcTax.csproj", "{26A796B1-331C-4B27-BA75-6DEE6916C04E}"
EndProject
Global
	GlobalSection(SolutionConfigurationPlatforms) = preSolution
		Debug|Any CPU = Debug|Any CPU
		Release|Any CPU = Release|Any CPU
	EndGlobalSection
	GlobalSection(ProjectConfigurationPlatforms) = postSolution
		{56B9BB97-9E41-4366-A019-DCF4C226172F}.Debug|Any CPU.ActiveCfg = Debug|Any CPU
		{56B9BB97-9E41-4366-A019-DCF4C226172F}.Debug|Any CPU.Build.0 = Debug|Any CPU
		{56B9BB97-9E41-4366-A019-DCF4C226172F}.Release|Any CPU.ActiveCfg = Release|Any CPU
		{56B9BB97-9E41-4366-A019-DCF4C226172F}.Release|Any CPU.Build.0 = Release|Any CPU
		{26A796B1-331C-4B27-BA75-6DEE6916C04E}.Debug|Any CPU.ActiveCfg = Debug|Any CPU
		{26A796B1-331C-4B27-BA75-6DEE6916C04E}.Debug|Any CPU.Build.0 = Debug|Any CPU
		{26A796B1-331C-4B27-BA75-6DEE6916C04E}.Release|Any CPU.ActiveCfg = Release|Any CPU
		{26A796B1-331C-4B27-BA75-6DEE6916C04E}.Release|Any CPU.Build.0 = Release|Any CPU
	EndGlobalSection
	GlobalSection(SolutionProperties) = preSolution
		HideSolutionNode = FALSE
	EndGlobalSection
	GlobalSection(ExtensibilityGlobals) = postSolution
		SolutionGuid = {4179682C-CF1D-4D0F-BB5F-313608C31811}
	EndGlobalSection
EndGlobal
